
Microsoft Visual Studio Solution File, Format Version 12.00
# Visual Studio Version 17
VisualStudioVersion = 17.14.36414.22 d17.14
MinimumVisualStudioVersion = 10.0.40219.1
Project("{FAE04EC0-301F-11D3-BF4B-00C04F79EFBC}") = "Article", "Article\Article.csproj", "{20530B55-C246-43AC-B7A8-FBCD47D1A1E3}"
EndProject
Global
	GlobalSection(SolutionConfigurationPlatforms) = preSolution
		Debug|Any CPU = Debug|Any CPU
		Release|Any CPU = Release|Any CPU
	EndGlobalSection
	GlobalSection(ProjectConfigurationPlatforms) = postSolution
		{20530B55-C246-43AC-B7A8-FBCD47D1A1E3}.Debug|Any CPU.ActiveCfg = Debug|Any CPU
		{20530B55-C246-43AC-B7A8-FBCD47D1A1E3}.Debug|Any CPU.Build.0 = Debug|Any CPU
		{20530B55-C246-43AC-B7A8-FBCD47D1A1E3}.Release|Any CPU.ActiveCfg = Release|Any CPU
		{20530B55-C246-43AC-B7A8-FBCD47D1A1E3}.Release|Any CPU.Build.0 = Release|Any CPU
	EndGlobalSection
	GlobalSection(SolutionProperties) = preSolution
		HideSolutionNode = FALSE
	EndGlobalSection
	GlobalSection(ExtensibilityGlobals) = postSolution
		SolutionGuid = {2B7F4CC9-88F5-4D46-8606-71A91971F4E1}
	EndGlobalSection
EndGlobal
